// !$*UTF8*$!
{
	archiveVersion = 1;
	classes = {
	};
	objectVersion = 56;
	objects = {

/* Begin PBXBuildFile section */
		F9C46BB02BB0C5C400517725 /* AppDelegate.swift in Sources */ = {isa = PBXBuildFile; fileRef = F9C46BAF2BB0C5C400517725 /* AppDelegate.swift */; };
		F9C46BB22BB0C5C400517725 /* SceneDelegate.swift in Sources */ = {isa = PBXBuildFile; fileRef = F9C46BB12BB0C5C400517725 /* SceneDelegate.swift */; };
		F9C46BB72BB0C5C400517725 /* Base in Resources */ = {isa = PBXBuildFile; fileRef = F9C46BB62BB0C5C400517725 /* Base */; };
		F9C46BB92BB0C5C500517725 /* Assets.xcassets in Resources */ = {isa = PBXBuildFile; fileRef = F9C46BB82BB0C5C500517725 /* Assets.xcassets */; };
		F9C46BBC2BB0C5C500517725 /* Base in Resources */ = {isa = PBXBuildFile; fileRef = F9C46BBB2BB0C5C500517725 /* Base */; };
		F9C46BC42BB0C66100517725 /* FamilyTableViewController.swift in Sources */ = {isa = PBXBuildFile; fileRef = F9C46BC32BB0C66100517725 /* FamilyTableViewController.swift */; };
		F9C46BC62BB0C69A00517725 /* FamilyMember.swift in Sources */ = {isa = PBXBuildFile; fileRef = F9C46BC52BB0C69A00517725 /* FamilyMember.swift */; };
		F9C46BC82BB0D4B200517725 /* FamilyMemberTableViewController.swift in Sources */ = {isa = PBXBuildFile; fileRef = F9C46BC72BB0D4B200517725 /* FamilyMemberTableViewController.swift */; };
/* End PBXBuildFile section */

/* Begin PBXFileReference section */
		F9C46BAC2BB0C5C400517725 /* FamilyProjectPartTwo.app */ = {isa = PBXFileReference; explicitFileType = wrapper.application; includeInIndex = 0; path = FamilyProjectPartTwo.app; sourceTree = BUILT_PRODUCTS_DIR; };
		F9C46BAF2BB0C5C400517725 /* AppDelegate.swift */ = {isa = PBXFileReference; lastKnownFileType = sourcecode.swift; path = AppDelegate.swift; sourceTree = "<group>"; };
		F9C46BB12BB0C5C400517725 /* SceneDelegate.swift */ = {isa = PBXFileReference; lastKnownFileType = sourcecode.swift; path = SceneDelegate.swift; sourceTree = "<group>"; };
		F9C46BB62BB0C5C400517725 /* Base */ = {isa = PBXFileReference; lastKnownFileType = file.storyboard; name = Base; path = Base.lproj/Main.storyboard; sourceTree = "<group>"; };
		F9C46BB82BB0C5C500517725 /* Assets.xcassets */ = {isa = PBXFileReference; lastKnownFileType = folder.assetcatalog; path = Assets.xcassets; sourceTree = "<group>"; };
		F9C46BBB2BB0C5C500517725 /* Base */ = {isa = PBXFileReference; lastKnownFileType = file.storyboard; name = Base; path = Base.lproj/LaunchScreen.storyboard; sourceTree = "<group>"; };
		F9C46BBD2BB0C5C500517725 /* Info.plist */ = {isa = PBXFileReference; lastKnownFileType = text.plist.xml; path = Info.plist; sourceTree = "<group>"; };
		F9C46BC32BB0C66100517725 /* FamilyTableViewController.swift */ = {isa = PBXFileReference; lastKnownFileType = sourcecode.swift; path = FamilyTableViewController.swift; sourceTree = "<group>"; };
		F9C46BC52BB0C69A00517725 /* FamilyMember.swift */ = {isa = PBXFileReference; lastKnownFileType = sourcecode.swift; path = FamilyMember.swift; sourceTree = "<group>"; };
		F9C46BC72BB0D4B200517725 /* FamilyMemberTableViewController.swift */ = {isa = PBXFileReference; lastKnownFileType = sourcecode.swift; path = FamilyMemberTableViewController.swift; sourceTree = "<group>"; };
/* End PBXFileReference section */

/* Begin PBXFrameworksBuildPhase section */
		F9C46BA92BB0C5C400517725 /* Frameworks */ = {
			isa = PBXFrameworksBuildPhase;
			buildActionMask = 2147483647;
			files = (
			);
			runOnlyForDeploymentPostprocessing = 0;
		};
/* End PBXFrameworksBuildPhase section */

/* Begin PBXGroup section */
		F9C46BA32BB0C5C400517725 = {
			isa = PBXGroup;
			children = (
				F9C46BAE2BB0C5C400517725 /* FamilyProjectPartTwo */,
				F9C46BAD2BB0C5C400517725 /* Products */,
			);
			sourceTree = "<group>";
		};
		F9C46BAD2BB0C5C400517725 /* Products */ = {
			isa = PBXGroup;
			children = (
				F9C46BAC2BB0C5C400517725 /* FamilyProjectPartTwo.app */,
			);
			name = Products;
			sourceTree = "<group>";
		};
		F9C46BAE2BB0C5C400517725 /* FamilyProjectPartTwo */ = {
			isa = PBXGroup;
			children = (
				F9C46BAF2BB0C5C400517725 /* AppDelegate.swift */,
				F9C46BB12BB0C5C400517725 /* SceneDelegate.swift */,
				F9C46BC72BB0D4B200517725 /* FamilyMemberTableViewController.swift */,
				F9C46BC32BB0C66100517725 /* FamilyTableViewController.swift */,
				F9C46BC52BB0C69A00517725 /* FamilyMember.swift */,
				F9C46BB82BB0C5C500517725 /* Assets.xcassets */,
				F9C46BB52BB0C5C400517725 /* Main.storyboard */,
				F9C46BBA2BB0C5C500517725 /* LaunchScreen.storyboard */,
				F9C46BBD2BB0C5C500517725 /* Info.plist */,
			);
			path = FamilyProjectPartTwo;
			sourceTree = "<group>";
		};
/* End PBXGroup section */

/* Begin PBXNativeTarget section */
		F9C46BAB2BB0C5C400517725 /* FamilyProjectPartTwo */ = {
			isa = PBXNativeTarget;
			buildConfigurationList = F9C46BC02BB0C5C500517725 /* Build configuration list for PBXNativeTarget "FamilyProjectPartTwo" */;
			buildPhases = (
				F9C46BA82BB0C5C400517725 /* Sources */,
				F9C46BA92BB0C5C400517725 /* Frameworks */,
				F9C46BAA2BB0C5C400517725 /* Resources */,
			);
			buildRules = (
			);
			dependencies = (
			);
			name = FamilyProjectPartTwo;
			productName = FamilyProjectPartTwo;
			productReference = F9C46BAC2BB0C5C400517725 /* FamilyProjectPartTwo.app */;
			productType = "com.apple.product-type.application";
		};
/* End PBXNativeTarget section */

/* Begin PBXProject section */
		F9C46BA42BB0C5C400517725 /* Project object */ = {
			isa = PBXProject;
			attributes = {
				BuildIndependentTargetsInParallel = 1;
				LastSwiftUpdateCheck = 1530;
				LastUpgradeCheck = 1530;
				TargetAttributes = {
					F9C46BAB2BB0C5C400517725 = {
						CreatedOnToolsVersion = 15.3;
					};
				};
			};
			buildConfigurationList = F9C46BA72BB0C5C400517725 /* Build configuration list for PBXProject "FamilyProjectPartTwo" */;
			compatibilityVersion = "Xcode 14.0";
			developmentRegion = en;
			hasScannedForEncodings = 0;
			knownRegions = (
				en,
				Base,
			);
			mainGroup = F9C46BA32BB0C5C400517725;
			productRefGroup = F9C46BAD2BB0C5C400517725 /* Products */;
			projectDirPath = "";
			projectRoot = "";
			targets = (
				F9C46BAB2BB0C5C400517725 /* FamilyProjectPartTwo */,
			);
		};
/* End PBXProject section */

/* Begin PBXResourcesBuildPhase section */
		F9C46BAA2BB0C5C400517725 /* Resources */ = {
			isa = PBXResourcesBuildPhase;
			buildActionMask = 2147483647;
			files = (
				F9C46BB92BB0C5C500517725 /* Assets.xcassets in Resources */,
				F9C46BBC2BB0C5C500517725 /* Base in Resources */,
				F9C46BB72BB0C5C400517725 /* Base in Resources */,
			);
			runOnlyForDeploymentPostprocessing = 0;
		};
/* End PBXResourcesBuildPhase section */

/* Begin PBXSourcesBuildPhase section */
		F9C46BA82BB0C5C400517725 /* Sources */ = {
			isa = PBXSourcesBuildPhase;
			buildActionMask = 2147483647;
			files = (
				F9C46BC42BB0C66100517725 /* FamilyTableViewController.swift in Sources */,
				F9C46BC82BB0D4B200517725 /* FamilyMemberTableViewController.swift in Sources */,
				F9C46BB02BB0C5C400517725 /* AppDelegate.swift in Sources */,
				F9C46BB22BB0C5C400517725 /* SceneDelegate.swift in Sources */,
				F9C46BC62BB0C69A00517725 /* FamilyMember.swift in Sources */,
			);
			runOnlyForDeploymentPostprocessing = 0;
		};
/* End PBXSourcesBuildPhase section */

/* Begin PBXVariantGroup section */
		F9C46BB52BB0C5C400517725 /* Main.storyboard */ = {
			isa = PBXVariantGroup;
			children = (
				F9C46BB62BB0C5C400517725 /* Base */,
			);
			name = Main.storyboard;
			sourceTree = "<group>";
		};
		F9C46BBA2BB0C5C500517725 /* LaunchScreen.storyboard */ = {
			isa = PBXVariantGroup;
			children = (
				F9C46BBB2BB0C5C500517725 /* Base */,
			);
			name = LaunchScreen.storyboard;
			sourceTree = "<group>";
		};
/* End PBXVariantGroup section */

/* Begin XCBuildConfiguration section */
		F9C46BBE2BB0C5C500517725 /* Debug */ = {
			isa = XCBuildConfiguration;
			buildSettings = {
				ALWAYS_SEARCH_USER_PATHS = NO;
				ASSETCATALOG_COMPILER_GENERATE_SWIFT_ASSET_SYMBOL_EXTENSIONS = YES;
				CLANG_ANALYZER_NONNULL = YES;
				CLANG_ANALYZER_NUMBER_OBJECT_CONVERSION = YES_AGGRESSIVE;
				CLANG_CXX_LANGUAGE_STANDARD = "gnu++20";
				CLANG_ENABLE_MODULES = YES;
				CLANG_ENABLE_OBJC_ARC = YES;
				CLANG_ENABLE_OBJC_WEAK = YES;
				CLANG_WARN_BLOCK_CAPTURE_AUTORELEASING = YES;
				CLANG_WARN_BOOL_CONVERSION = YES;
				CLANG_WARN_COMMA = YES;
				CLANG_WARN_CONSTANT_CONVERSION = YES;
				CLANG_WARN_DEPRECATED_OBJC_IMPLEMENTATIONS = YES;
				CLANG_WARN_DIRECT_OBJC_ISA_USAGE = YES_ERROR;
				CLANG_WARN_DOCUMENTATION_COMMENTS = YES;
				CLANG_WARN_EMPTY_BODY = YES;
				CLANG_WARN_ENUM_CONVERSION = YES;
				CLANG_WARN_INFINITE_RECURSION = YES;
				CLANG_WARN_INT_CONVERSION = YES;
				CLANG_WARN_NON_LITERAL_NULL_CONVERSION = YES;
				CLANG_WARN_OBJC_IMPLICIT_RETAIN_SELF = YES;
				CLANG_WARN_OBJC_LITERAL_CONVERSION = YES;
				CLANG_WARN_OBJC_ROOT_CLASS = YES_ERROR;
				CLANG_WARN_QUOTED_INCLUDE_IN_FRAMEWORK_HEADER = YES;
				CLANG_WARN_RANGE_LOOP_ANALYSIS = YES;
				CLANG_WARN_STRICT_PROTOTYPES = YES;
				CLANG_WARN_SUSPICIOUS_MOVE = YES;
				CLANG_WARN_UNGUARDED_AVAILABILITY = YES_AGGRESSIVE;
				CLANG_WARN_UNREACHABLE_CODE = YES;
				CLANG_WARN__DUPLICATE_METHOD_MATCH = YES;
				COPY_PHASE_STRIP = NO;
				DEBUG_INFORMATION_FORMAT = dwarf;
				ENABLE_STRICT_OBJC_MSGSEND = YES;
				ENABLE_TESTABILITY = YES;
				ENABLE_USER_SCRIPT_SANDBOXING = YES;
				GCC_C_LANGUAGE_STANDARD = gnu17;
				GCC_DYNAMIC_NO_PIC = NO;
				GCC_NO_COMMON_BLOCKS = YES;
				GCC_OPTIMIZATION_LEVEL = 0;
				GCC_PREPROCESSOR_DEFINITIONS = (
					"DEBUG=1",
					"$(inherited)",
				);
				GCC_WARN_64_TO_32_BIT_CONVERSION = YES;
				GCC_WARN_ABOUT_RETURN_TYPE = YES_ERROR;
				GCC_WARN_UNDECLARED_SELECTOR = YES;
				GCC_WARN_UNINITIALIZED_AUTOS = YES_AGGRESSIVE;
				GCC_WARN_UNUSED_FUNCTION = YES;
				GCC_WARN_UNUSED_VARIABLE = YES;
				IPHONEOS_DEPLOYMENT_TARGET = 17.4;
				LOCALIZATION_PREFERS_STRING_CATALOGS = YES;
				MTL_ENABLE_DEBUG_INFO = INCLUDE_SOURCE;
				MTL_FAST_MATH = YES;
				ONLY_ACTIVE_ARCH = YES;
				SDKROOT = iphoneos;
				SWIFT_ACTIVE_COMPILATION_CONDITIONS = "DEBUG $(inherited)";
				SWIFT_OPTIMIZATION_LEVEL = "-Onone";
			};
			name = Debug;
		};
		F9C46BBF2BB0C5C500517725 /* Release */ = {
			isa = XCBuildConfiguration;
			buildSettings = {
				ALWAYS_SEARCH_USER_PATHS = NO;
				ASSETCATALOG_COMPILER_GENERATE_SWIFT_ASSET_SYMBOL_EXTENSIONS = YES;
				CLANG_ANALYZER_NONNULL = YES;
				CLANG_ANALYZER_NUMBER_OBJECT_CONVERSION = YES_AGGRESSIVE;
				CLANG_CXX_LANGUAGE_STANDARD = "gnu++20";
				CLANG_ENABLE_MODULES = YES;
				CLANG_ENABLE_OBJC_ARC = YES;
				CLANG_ENABLE_OBJC_WEAK = YES;
				CLANG_WARN_BLOCK_CAPTURE_AUTORELEASING = YES;
				CLANG_WARN_BOOL_CONVERSION = YES;
				CLANG_WARN_COMMA = YES;
				CLANG_WARN_CONSTANT_CONVERSION = YES;
				CLANG_WARN_DEPRECATED_OBJC_IMPLEMENTATIONS = YES;
				CLANG_WARN_DIRECT_OBJC_ISA_USAGE = YES_ERROR;
				CLANG_WARN_DOCUMENTATION_COMMENTS = YES;
				CLANG_WARN_EMPTY_BODY = YES;
				CLANG_WARN_ENUM_CONVERSION = YES;
				CLANG_WARN_INFINITE_RECURSION = YES;
				CLANG_WARN_INT_CONVERSION = YES;
				CLANG_WARN_NON_LITERAL_NULL_CONVERSION = YES;
				CLANG_WARN_OBJC_IMPLICIT_RETAIN_SELF = YES;
				CLANG_WARN_OBJC_LITERAL_CONVERSION = YES;
				CLANG_WARN_OBJC_ROOT_CLASS = YES_ERROR;
				CLANG_WARN_QUOTED_INCLUDE_IN_FRAMEWORK_HEADER = YES;
				CLANG_WARN_RANGE_LOOP_ANALYSIS = YES;
				CLANG_WARN_STRICT_PROTOTYPES = YES;
				CLANG_WARN_SUSPICIOUS_MOVE = YES;
				CLANG_WARN_UNGUARDED_AVAILABILITY = YES_AGGRESSIVE;
				CLANG_WARN_UNREACHABLE_CODE = YES;
				CLANG_WARN__DUPLICATE_METHOD_MATCH = YES;
				COPY_PHASE_STRIP = NO;
				DEBUG_INFORMATION_FORMAT = "dwarf-with-dsym";
				ENABLE_NS_ASSERTIONS = NO;
				ENABLE_STRICT_OBJC_MSGSEND = YES;
				ENABLE_USER_SCRIPT_SANDBOXING = YES;
				GCC_C_LANGUAGE_STANDARD = gnu17;
				GCC_NO_COMMON_BLOCKS = YES;
				GCC_WARN_64_TO_32_BIT_CONVERSION = YES;
				GCC_WARN_ABOUT_RETURN_TYPE = YES_ERROR;
				GCC_WARN_UNDECLARED_SELECTOR = YES;
				GCC_WARN_UNINITIALIZED_AUTOS = YES_AGGRESSIVE;
				GCC_WARN_UNUSED_FUNCTION = YES;
				GCC_WARN_UNUSED_VARIABLE = YES;
				IPHONEOS_DEPLOYMENT_TARGET = 17.4;
				LOCALIZATION_PREFERS_STRING_CATALOGS = YES;
				MTL_ENABLE_DEBUG_INFO = NO;
				MTL_FAST_MATH = YES;
				SDKROOT = iphoneos;
				SWIFT_COMPILATION_MODE = wholemodule;
				VALIDATE_PRODUCT = YES;
			};
			name = Release;
		};
		F9C46BC12BB0C5C500517725 /* Debug */ = {
			isa = XCBuildConfiguration;
			buildSettings = {
				ASSETCATALOG_COMPILER_APPICON_NAME = AppIcon;
				ASSETCATALOG_COMPILER_GLOBAL_ACCENT_COLOR_NAME = AccentColor;
				CODE_SIGN_STYLE = Automatic;
				CURRENT_PROJECT_VERSION = 1;
				DEVELOPMENT_TEAM = EWUXMHAPLR;
				GENERATE_INFOPLIST_FILE = YES;
				INFOPLIST_FILE = FamilyProjectPartTwo/Info.plist;
				INFOPLIST_KEY_UIApplicationSupportsIndirectInputEvents = YES;
				INFOPLIST_KEY_UILaunchStoryboardName = LaunchScreen;
				INFOPLIST_KEY_UIMainStoryboardFile = Main;
				INFOPLIST_KEY_UISupportedInterfaceOrientations_iPad = "UIInterfaceOrientationPortrait UIInterfaceOrientationPortraitUpsideDown UIInterfaceOrientationLandscapeLeft UIInterfaceOrientationLandscapeRight";
				INFOPLIST_KEY_UISupportedInterfaceOrientations_iPhone = "UIInterfaceOrientationPortrait UIInterfaceOrientationLandscapeLeft UIInterfaceOrientationLandscapeRight";
				LD_RUNPATH_SEARCH_PATHS = (
					"$(inherited)",
					"@executable_path/Frameworks",
				);
				MARKETING_VERSION = 1.0;
				PRODUCT_BUNDLE_IDENTIFIER = com.jordanfraughton.FamilyProjectPartTwo;
				PRODUCT_NAME = "$(TARGET_NAME)";
				SWIFT_EMIT_LOC_STRINGS = YES;
				SWIFT_VERSION = 5.0;
				TARGETED_DEVICE_FAMILY = "1,2";
			};
			name = Debug;
		};
		F9C46BC22BB0C5C500517725 /* Release */ = {
			isa = XCBuildConfiguration;
			buildSettings = {
				ASSETCATALOG_COMPILER_APPICON_NAME = AppIcon;
				ASSETCATALOG_COMPILER_GLOBAL_ACCENT_COLOR_NAME = AccentColor;
				CODE_SIGN_STYLE = Automatic;
				CURRENT_PROJECT_VERSION = 1;
				DEVELOPMENT_TEAM = EWUXMHAPLR;
				GENERATE_INFOPLIST_FILE = YES;
				INFOPLIST_FILE = FamilyProjectPartTwo/Info.plist;
				INFOPLIST_KEY_UIApplicationSupportsIndirectInputEvents = YES;
				INFOPLIST_KEY_UILaunchStoryboardName = LaunchScreen;
				INFOPLIST_KEY_UIMainStoryboardFile = Main;
				INFOPLIST_KEY_UISupportedInterfaceOrientations_iPad = "UIInterfaceOrientationPortrait UIInterfaceOrientationPortraitUpsideDown UIInterfaceOrientationLandscapeLeft UIInterfaceOrientationLandscapeRight";
				INFOPLIST_KEY_UISupportedInterfaceOrientations_iPhone = "UIInterfaceOrientationPortrait UIInterfaceOrientationLandscapeLeft UIInterfaceOrientationLandscapeRight";
				LD_RUNPATH_SEARCH_PATHS = (
					"$(inherited)",
					"@executable_path/Frameworks",
				);
				MARKETING_VERSION = 1.0;
				PRODUCT_BUNDLE_IDENTIFIER = com.jordanfraughton.FamilyProjectPartTwo;
				PRODUCT_NAME = "$(TARGET_NAME)";
				SWIFT_EMIT_LOC_STRINGS = YES;
				SWIFT_VERSION = 5.0;
				TARGETED_DEVICE_FAMILY = "1,2";
			};
			name = Release;
		};
/* End XCBuildConfiguration section */

/* Begin XCConfigurationList section */
		F9C46BA72BB0C5C400517725 /* Build configuration list for PBXProject "FamilyProjectPartTwo" */ = {
			isa = XCConfigurationList;
			buildConfigurations = (
				F9C46BBE2BB0C5C500517725 /* Debug */,
				F9C46BBF2BB0C5C500517725 /* Release */,
			);
			defaultConfigurationIsVisible = 0;
			defaultConfigurationName = Release;
		};
		F9C46BC02BB0C5C500517725 /* Build configuration list for PBXNativeTarget "FamilyProjectPartTwo" */ = {
			isa = XCConfigurationList;
			buildConfigurations = (
				F9C46BC12BB0C5C500517725 /* Debug */,
				F9C46BC22BB0C5C500517725 /* Release */,
			);
			defaultConfigurationIsVisible = 0;
			defaultConfigurationName = Release;
		};
/* End XCConfigurationList section */
	};
	rootObject = F9C46BA42BB0C5C400517725 /* Project object */;
}
